
Microsoft Visual Studio Solution File, Format Version 12.00
# Visual Studio Version 17
VisualStudioVersion = 17.4.33205.214
MinimumVisualStudioVersion = 10.0.40219.1
Project("{9A19103F-16F7-4668-BE54-9A1E7A4F7556}") = "ShopOnline.Web", "ShopOnline.Web\ShopOnline.Web.csproj", "{4D9B16DC-6AA3-4ABB-9C1C-688219381A16}"
EndProject
Project("{9A19103F-16F7-4668-BE54-9A1E7A4F7556}") = "ShopOnline.API", "ShopOnline.API\ShopOnline.API.csproj", "{A580BFCD-38DC-4D1A-9FF3-E19E88616240}"
EndProject
Project("{9A19103F-16F7-4668-BE54-9A1E7A4F7556}") = "ShopOnline.Models", "ShopOnline.Models\ShopOnline.Models.csproj", "{C71E8ED0-B3A5-4A02-9791-83915A416DB7}"
EndProject
Global
	GlobalSection(SolutionConfigurationPlatforms) = preSolution
		Debug|Any CPU = Debug|Any CPU
		Release|Any CPU = Release|Any CPU
	EndGlobalSection
	GlobalSection(ProjectConfigurationPlatforms) = postSolution
		{4D9B16DC-6AA3-4ABB-9C1C-688219381A16}.Debug|Any CPU.ActiveCfg = Debug|Any CPU
		{4D9B16DC-6AA3-4ABB-9C1C-688219381A16}.Debug|Any CPU.Build.0 = Debug|Any CPU
		{4D9B16DC-6AA3-4ABB-9C1C-688219381A16}.Release|Any CPU.ActiveCfg = Release|Any CPU
		{4D9B16DC-6AA3-4ABB-9C1C-688219381A16}.Release|Any CPU.Build.0 = Release|Any CPU
		{A580BFCD-38DC-4D1A-9FF3-E19E88616240}.Debug|Any CPU.ActiveCfg = Debug|Any CPU
		{A580BFCD-38DC-4D1A-9FF3-E19E88616240}.Debug|Any CPU.Build.0 = Debug|Any CPU
		{A580BFCD-38DC-4D1A-9FF3-E19E88616240}.Release|Any CPU.ActiveCfg = Release|Any CPU
		{A580BFCD-38DC-4D1A-9FF3-E19E88616240}.Release|Any CPU.Build.0 = Release|Any CPU
		{C71E8ED0-B3A5-4A02-9791-83915A416DB7}.Debug|Any CPU.ActiveCfg = Debug|Any CPU
		{C71E8ED0-B3A5-4A02-9791-83915A416DB7}.Debug|Any CPU.Build.0 = Debug|Any CPU
		{C71E8ED0-B3A5-4A02-9791-83915A416DB7}.Release|Any CPU.ActiveCfg = Release|Any CPU
		{C71E8ED0-B3A5-4A02-9791-83915A416DB7}.Release|Any CPU.Build.0 = Release|Any CPU
	EndGlobalSection
	GlobalSection(SolutionProperties) = preSolution
		HideSolutionNode = FALSE
	EndGlobalSection
	GlobalSection(ExtensibilityGlobals) = postSolution
		SolutionGuid = {71E55A9E-B0B3-4E10-9576-0AD36DB4560C}
	EndGlobalSection
EndGlobal
